// !$*UTF8*$!
{
	archiveVersion = 1;
	classes = {
	};
	objectVersion = 48;
	objects = {

/* Begin PBXBuildFile section */
		381EDFA82094C7960092C2B8 /* Cafe.m in Sources */ = {isa = PBXBuildFile; fileRef = 381EDFA72094C7950092C2B8 /* Cafe.m */; };
		381EDFAB2094CAAE0092C2B8 /* NetworkManager.m in Sources */ = {isa = PBXBuildFile; fileRef = 381EDFAA2094CAAE0092C2B8 /* NetworkManager.m */; };
		385CB43B2093CEF60013B7BA /* AppDelegate.m in Sources */ = {isa = PBXBuildFile; fileRef = 385CB43A2093CEF60013B7BA /* AppDelegate.m */; };
		385CB43E2093CEF60013B7BA /* ViewController.m in Sources */ = {isa = PBXBuildFile; fileRef = 385CB43D2093CEF60013B7BA /* ViewController.m */; };
		385CB4412093CEF60013B7BA /* Main.storyboard in Resources */ = {isa = PBXBuildFile; fileRef = 385CB43F2093CEF60013B7BA /* Main.storyboard */; };
		385CB4432093CEF60013B7BA /* Assets.xcassets in Resources */ = {isa = PBXBuildFile; fileRef = 385CB4422093CEF60013B7BA /* Assets.xcassets */; };
		385CB4462093CEF60013B7BA /* LaunchScreen.storyboard in Resources */ = {isa = PBXBuildFile; fileRef = 385CB4442093CEF60013B7BA /* LaunchScreen.storyboard */; };
		385CB4492093CEF60013B7BA /* main.m in Sources */ = {isa = PBXBuildFile; fileRef = 385CB4482093CEF60013B7BA /* main.m */; };
/* End PBXBuildFile section */

/* Begin PBXFileReference section */
		381EDFA62094C7950092C2B8 /* Cafe.h */ = {isa = PBXFileReference; lastKnownFileType = sourcecode.c.h; path = Cafe.h; sourceTree = "<group>"; };
		381EDFA72094C7950092C2B8 /* Cafe.m */ = {isa = PBXFileReference; lastKnownFileType = sourcecode.c.objc; path = Cafe.m; sourceTree = "<group>"; };
		381EDFA92094CAAE0092C2B8 /* NetworkManager.h */ = {isa = PBXFileReference; lastKnownFileType = sourcecode.c.h; path = NetworkManager.h; sourceTree = "<group>"; };
		381EDFAA2094CAAE0092C2B8 /* NetworkManager.m */ = {isa = PBXFileReference; lastKnownFileType = sourcecode.c.objc; path = NetworkManager.m; sourceTree = "<group>"; };
		385CB4362093CEF60013B7BA /* UberBean.app */ = {isa = PBXFileReference; explicitFileType = wrapper.application; includeInIndex = 0; path = UberBean.app; sourceTree = BUILT_PRODUCTS_DIR; };
		385CB4392093CEF60013B7BA /* AppDelegate.h */ = {isa = PBXFileReference; lastKnownFileType = sourcecode.c.h; path = AppDelegate.h; sourceTree = "<group>"; };
		385CB43A2093CEF60013B7BA /* AppDelegate.m */ = {isa = PBXFileReference; lastKnownFileType = sourcecode.c.objc; path = AppDelegate.m; sourceTree = "<group>"; };
		385CB43C2093CEF60013B7BA /* ViewController.h */ = {isa = PBXFileReference; lastKnownFileType = sourcecode.c.h; path = ViewController.h; sourceTree = "<group>"; };
		385CB43D2093CEF60013B7BA /* ViewController.m */ = {isa = PBXFileReference; lastKnownFileType = sourcecode.c.objc; path = ViewController.m; sourceTree = "<group>"; };
		385CB4402093CEF60013B7BA /* Base */ = {isa = PBXFileReference; lastKnownFileType = file.storyboard; name = Base; path = Base.lproj/Main.storyboard; sourceTree = "<group>"; };
		385CB4422093CEF60013B7BA /* Assets.xcassets */ = {isa = PBXFileReference; lastKnownFileType = folder.assetcatalog; path = Assets.xcassets; sourceTree = "<group>"; };
		385CB4452093CEF60013B7BA /* Base */ = {isa = PBXFileReference; lastKnownFileType = file.storyboard; name = Base; path = Base.lproj/LaunchScreen.storyboard; sourceTree = "<group>"; };
		385CB4472093CEF60013B7BA /* Info.plist */ = {isa = PBXFileReference; lastKnownFileType = text.plist.xml; path = Info.plist; sourceTree = "<group>"; };
		385CB4482093CEF60013B7BA /* main.m */ = {isa = PBXFileReference; lastKnownFileType = sourcecode.c.objc; path = main.m; sourceTree = "<group>"; };
/* End PBXFileReference section */

/* Begin PBXFrameworksBuildPhase section */
		385CB4332093CEF60013B7BA /* Frameworks */ = {
			isa = PBXFrameworksBuildPhase;
			buildActionMask = 2147483647;
			files = (
			);
			runOnlyForDeploymentPostprocessing = 0;
		};
/* End PBXFrameworksBuildPhase section */

/* Begin PBXGroup section */
		385CB42D2093CEF60013B7BA = {
			isa = PBXGroup;
			children = (
				385CB4382093CEF60013B7BA /* UberBean */,
				385CB4372093CEF60013B7BA /* Products */,
			);
			sourceTree = "<group>";
		};
		385CB4372093CEF60013B7BA /* Products */ = {
			isa = PBXGroup;
			children = (
				385CB4362093CEF60013B7BA /* UberBean.app */,
			);
			name = Products;
			sourceTree = "<group>";
		};
		385CB4382093CEF60013B7BA /* UberBean */ = {
			isa = PBXGroup;
			children = (
				385CB4392093CEF60013B7BA /* AppDelegate.h */,
				385CB43A2093CEF60013B7BA /* AppDelegate.m */,
				385CB43C2093CEF60013B7BA /* ViewController.h */,
				385CB43D2093CEF60013B7BA /* ViewController.m */,
				381EDFA62094C7950092C2B8 /* Cafe.h */,
				381EDFA72094C7950092C2B8 /* Cafe.m */,
				381EDFA92094CAAE0092C2B8 /* NetworkManager.h */,
				381EDFAA2094CAAE0092C2B8 /* NetworkManager.m */,
				385CB43F2093CEF60013B7BA /* Main.storyboard */,
				385CB4422093CEF60013B7BA /* Assets.xcassets */,
				385CB4442093CEF60013B7BA /* LaunchScreen.storyboard */,
				385CB4472093CEF60013B7BA /* Info.plist */,
				385CB4482093CEF60013B7BA /* main.m */,
			);
			path = UberBean;
			sourceTree = "<group>";
		};
/* End PBXGroup section */

/* Begin PBXNativeTarget section */
		385CB4352093CEF60013B7BA /* UberBean */ = {
			isa = PBXNativeTarget;
			buildConfigurationList = 385CB44C2093CEF60013B7BA /* Build configuration list for PBXNativeTarget "UberBean" */;
			buildPhases = (
				385CB4322093CEF60013B7BA /* Sources */,
				385CB4332093CEF60013B7BA /* Frameworks */,
				385CB4342093CEF60013B7BA /* Resources */,
			);
			buildRules = (
			);
			dependencies = (
			);
			name = UberBean;
			productName = UberBean;
			productReference = 385CB4362093CEF60013B7BA /* UberBean.app */;
			productType = "com.apple.product-type.application";
		};
/* End PBXNativeTarget section */

/* Begin PBXProject section */
		385CB42E2093CEF60013B7BA /* Project object */ = {
			isa = PBXProject;
			attributes = {
				LastUpgradeCheck = 0920;
				ORGANIZATIONNAME = "ruijia lin";
				TargetAttributes = {
					385CB4352093CEF60013B7BA = {
						CreatedOnToolsVersion = 9.2;
						ProvisioningStyle = Automatic;
					};
				};
			};
			buildConfigurationList = 385CB4312093CEF60013B7BA /* Build configuration list for PBXProject "UberBean" */;
			compatibilityVersion = "Xcode 8.0";
			developmentRegion = en;
			hasScannedForEncodings = 0;
			knownRegions = (
				en,
				Base,
			);
			mainGroup = 385CB42D2093CEF60013B7BA;
			productRefGroup = 385CB4372093CEF60013B7BA /* Products */;
			projectDirPath = "";
			projectRoot = "";
			targets = (
				385CB4352093CEF60013B7BA /* UberBean */,
			);
		};
/* End PBXProject section */

/* Begin PBXResourcesBuildPhase section */
		385CB4342093CEF60013B7BA /* Resources */ = {
			isa = PBXResourcesBuildPhase;
			buildActionMask = 2147483647;
			files = (
				385CB4462093CEF60013B7BA /* LaunchScreen.storyboard in Resources */,
				385CB4432093CEF60013B7BA /* Assets.xcassets in Resources */,
				385CB4412093CEF60013B7BA /* Main.storyboard in Resources */,
			);
			runOnlyForDeploymentPostprocessing = 0;
		};
/* End PBXResourcesBuildPhase section */

/* Begin PBXSourcesBuildPhase section */
		385CB4322093CEF60013B7BA /* Sources */ = {
			isa = PBXSourcesBuildPhase;
			buildActionMask = 2147483647;
			files = (
				381EDFA82094C7960092C2B8 /* Cafe.m in Sources */,
				385CB43E2093CEF60013B7BA /* ViewController.m in Sources */,
				385CB4492093CEF60013B7BA /* main.m in Sources */,
				381EDFAB2094CAAE0092C2B8 /* NetworkManager.m in Sources */,
				385CB43B2093CEF60013B7BA /* AppDelegate.m in Sources */,
			);
			runOnlyForDeploymentPostprocessing = 0;
		};
/* End PBXSourcesBuildPhase section */

/* Begin PBXVariantGroup section */
		385CB43F2093CEF60013B7BA /* Main.storyboard */ = {
			isa = PBXVariantGroup;
			children = (
				385CB4402093CEF60013B7BA /* Base */,
			);
			name = Main.storyboard;
			sourceTree = "<group>";
		};
		385CB4442093CEF60013B7BA /* LaunchScreen.storyboard */ = {
			isa = PBXVariantGroup;
			children = (
				385CB4452093CEF60013B7BA /* Base */,
			);
			name = LaunchScreen.storyboard;
			sourceTree = "<group>";
		};
/* End PBXVariantGroup section */

/* Begin XCBuildConfiguration section */
		385CB44A2093CEF60013B7BA /* Debug */ = {
			isa = XCBuildConfiguration;
			buildSettings = {
				ALWAYS_SEARCH_USER_PATHS = NO;
				CLANG_ANALYZER_NONNULL = YES;
				CLANG_ANALYZER_NUMBER_OBJECT_CONVERSION = YES_AGGRESSIVE;
				CLANG_CXX_LANGUAGE_STANDARD = "gnu++14";
				CLANG_CXX_LIBRARY = "libc++";
				CLANG_ENABLE_MODULES = YES;
				CLANG_ENABLE_OBJC_ARC = YES;
				CLANG_WARN_BLOCK_CAPTURE_AUTORELEASING = YES;
				CLANG_WARN_BOOL_CONVERSION = YES;
				CLANG_WARN_COMMA = YES;
				CLANG_WARN_CONSTANT_CONVERSION = YES;
				CLANG_WARN_DIRECT_OBJC_ISA_USAGE = YES_ERROR;
				CLANG_WARN_DOCUMENTATION_COMMENTS = YES;
				CLANG_WARN_EMPTY_BODY = YES;
				CLANG_WARN_ENUM_CONVERSION = YES;
				CLANG_WARN_INFINITE_RECURSION = YES;
				CLANG_WARN_INT_CONVERSION = YES;
				CLANG_WARN_NON_LITERAL_NULL_CONVERSION = YES;
				CLANG_WARN_OBJC_LITERAL_CONVERSION = YES;
				CLANG_WARN_OBJC_ROOT_CLASS = YES_ERROR;
				CLANG_WARN_RANGE_LOOP_ANALYSIS = YES;
				CLANG_WARN_STRICT_PROTOTYPES = YES;
				CLANG_WARN_SUSPICIOUS_MOVE = YES;
				CLANG_WARN_UNGUARDED_AVAILABILITY = YES_AGGRESSIVE;
				CLANG_WARN_UNREACHABLE_CODE = YES;
				CLANG_WARN__DUPLICATE_METHOD_MATCH = YES;
				CODE_SIGN_IDENTITY = "iPhone Developer";
				COPY_PHASE_STRIP = NO;
				DEBUG_INFORMATION_FORMAT = dwarf;
				ENABLE_STRICT_OBJC_MSGSEND = YES;
				ENABLE_TESTABILITY = YES;
				GCC_C_LANGUAGE_STANDARD = gnu11;
				GCC_DYNAMIC_NO_PIC = NO;
				GCC_NO_COMMON_BLOCKS = YES;
				GCC_OPTIMIZATION_LEVEL = 0;
				GCC_PREPROCESSOR_DEFINITIONS = (
					"DEBUG=1",
					"$(inherited)",
				);
				GCC_WARN_64_TO_32_BIT_CONVERSION = YES;
				GCC_WARN_ABOUT_RETURN_TYPE = YES_ERROR;
				GCC_WARN_UNDECLARED_SELECTOR = YES;
				GCC_WARN_UNINITIALIZED_AUTOS = YES_AGGRESSIVE;
				GCC_WARN_UNUSED_FUNCTION = YES;
				GCC_WARN_UNUSED_VARIABLE = YES;
				IPHONEOS_DEPLOYMENT_TARGET = 11.2;
				MTL_ENABLE_DEBUG_INFO = YES;
				ONLY_ACTIVE_ARCH = YES;
				SDKROOT = iphoneos;
			};
			name = Debug;
		};
		385CB44B2093CEF60013B7BA /* Release */ = {
			isa = XCBuildConfiguration;
			buildSettings = {
				ALWAYS_SEARCH_USER_PATHS = NO;
				CLANG_ANALYZER_NONNULL = YES;
				CLANG_ANALYZER_NUMBER_OBJECT_CONVERSION = YES_AGGRESSIVE;
				CLANG_CXX_LANGUAGE_STANDARD = "gnu++14";
				CLANG_CXX_LIBRARY = "libc++";
				CLANG_ENABLE_MODULES = YES;
				CLANG_ENABLE_OBJC_ARC = YES;
				CLANG_WARN_BLOCK_CAPTURE_AUTORELEASING = YES;
				CLANG_WARN_BOOL_CONVERSION = YES;
				CLANG_WARN_COMMA = YES;
				CLANG_WARN_CONSTANT_CONVERSION = YES;
				CLANG_WARN_DIRECT_OBJC_ISA_USAGE = YES_ERROR;
				CLANG_WARN_DOCUMENTATION_COMMENTS = YES;
				CLANG_WARN_EMPTY_BODY = YES;
				CLANG_WARN_ENUM_CONVERSION = YES;
				CLANG_WARN_INFINITE_RECURSION = YES;
				CLANG_WARN_INT_CONVERSION = YES;
				CLANG_WARN_NON_LITERAL_NULL_CONVERSION = YES;
				CLANG_WARN_OBJC_LITERAL_CONVERSION = YES;
				CLANG_WARN_OBJC_ROOT_CLASS = YES_ERROR;
				CLANG_WARN_RANGE_LOOP_ANALYSIS = YES;
				CLANG_WARN_STRICT_PROTOTYPES = YES;
				CLANG_WARN_SUSPICIOUS_MOVE = YES;
				CLANG_WARN_UNGUARDED_AVAILABILITY = YES_AGGRESSIVE;
				CLANG_WARN_UNREACHABLE_CODE = YES;
				CLANG_WARN__DUPLICATE_METHOD_MATCH = YES;
				CODE_SIGN_IDENTITY = "iPhone Developer";
				COPY_PHASE_STRIP = NO;
				DEBUG_INFORMATION_FORMAT = "dwarf-with-dsym";
				ENABLE_NS_ASSERTIONS = NO;
				ENABLE_STRICT_OBJC_MSGSEND = YES;
				GCC_C_LANGUAGE_STANDARD = gnu11;
				GCC_NO_COMMON_BLOCKS = YES;
				GCC_WARN_64_TO_32_BIT_CONVERSION = YES;
				GCC_WARN_ABOUT_RETURN_TYPE = YES_ERROR;
				GCC_WARN_UNDECLARED_SELECTOR = YES;
				GCC_WARN_UNINITIALIZED_AUTOS = YES_AGGRESSIVE;
				GCC_WARN_UNUSED_FUNCTION = YES;
				GCC_WARN_UNUSED_VARIABLE = YES;
				IPHONEOS_DEPLOYMENT_TARGET = 11.2;
				MTL_ENABLE_DEBUG_INFO = NO;
				SDKROOT = iphoneos;
				VALIDATE_PRODUCT = YES;
			};
			name = Release;
		};
		385CB44D2093CEF60013B7BA /* Debug */ = {
			isa = XCBuildConfiguration;
			buildSettings = {
				ASSETCATALOG_COMPILER_APPICON_NAME = AppIcon;
				CODE_SIGN_STYLE = Automatic;
				DEVELOPMENT_TEAM = 6FGZ4M8EYW;
				INFOPLIST_FILE = UberBean/Info.plist;
				LD_RUNPATH_SEARCH_PATHS = "$(inherited) @executable_path/Frameworks";
				PRODUCT_BUNDLE_IDENTIFIER = com.RJL.UberBean;
				PRODUCT_NAME = "$(TARGET_NAME)";
				TARGETED_DEVICE_FAMILY = "1,2";
			};
			name = Debug;
		};
		385CB44E2093CEF60013B7BA /* Release */ = {
			isa = XCBuildConfiguration;
			buildSettings = {
				ASSETCATALOG_COMPILER_APPICON_NAME = AppIcon;
				CODE_SIGN_STYLE = Automatic;
				DEVELOPMENT_TEAM = 6FGZ4M8EYW;
				INFOPLIST_FILE = UberBean/Info.plist;
				LD_RUNPATH_SEARCH_PATHS = "$(inherited) @executable_path/Frameworks";
				PRODUCT_BUNDLE_IDENTIFIER = com.RJL.UberBean;
				PRODUCT_NAME = "$(TARGET_NAME)";
				TARGETED_DEVICE_FAMILY = "1,2";
			};
			name = Release;
		};
/* End XCBuildConfiguration section */

/* Begin XCConfigurationList section */
		385CB4312093CEF60013B7BA /* Build configuration list for PBXProject "UberBean" */ = {
			isa = XCConfigurationList;
			buildConfigurations = (
				385CB44A2093CEF60013B7BA /* Debug */,
				385CB44B2093CEF60013B7BA /* Release */,
			);
			defaultConfigurationIsVisible = 0;
			defaultConfigurationName = Release;
		};
		385CB44C2093CEF60013B7BA /* Build configuration list for PBXNativeTarget "UberBean" */ = {
			isa = XCConfigurationList;
			buildConfigurations = (
				385CB44D2093CEF60013B7BA /* Debug */,
				385CB44E2093CEF60013B7BA /* Release */,
			);
			defaultConfigurationIsVisible = 0;
			defaultConfigurationName = Release;
		};
/* End XCConfigurationList section */
	};
	rootObject = 385CB42E2093CEF60013B7BA /* Project object */;
}
